
Microsoft Visual Studio Solution File, Format Version 12.00
# Visual Studio Version 16
VisualStudioVersion = 25.0.1704.3
MinimumVisualStudioVersion = 10.0.40219.1
Project("{FAE04EC0-301F-11D3-BF4B-00C04F79EFBC}") = "Bank", "Bank\Bank.csproj", "{B5C69264-40E4-45BF-9248-75EBCE6D7108}"
EndProject
Global
	GlobalSection(SolutionConfigurationPlatforms) = preSolution
		Debug|Any CPU = Debug|Any CPU
		Release|Any CPU = Release|Any CPU
	EndGlobalSection
	GlobalSection(ProjectConfigurationPlatforms) = postSolution
		{B5C69264-40E4-45BF-9248-75EBCE6D7108}.Debug|Any CPU.ActiveCfg = Debug|Any CPU
		{B5C69264-40E4-45BF-9248-75EBCE6D7108}.Debug|Any CPU.Build.0 = Debug|Any CPU
		{B5C69264-40E4-45BF-9248-75EBCE6D7108}.Release|Any CPU.ActiveCfg = Release|Any CPU
		{B5C69264-40E4-45BF-9248-75EBCE6D7108}.Release|Any CPU.Build.0 = Release|Any CPU
	EndGlobalSection
	GlobalSection(SolutionProperties) = preSolution
		HideSolutionNode = FALSE
	EndGlobalSection
	GlobalSection(ExtensibilityGlobals) = postSolution
		SolutionGuid = {1A165129-5247-43F3-BBB1-2E2AD702818D}
	EndGlobalSection
EndGlobal
